
Microsoft Visual Studio Solution File, Format Version 12.00
# Visual Studio Version 17
VisualStudioVersion = 17.5.33627.172
MinimumVisualStudioVersion = 10.0.40219.1
Project("{8BC9CEB8-8B4A-11D0-8D11-00A0C91BC942}") = "Homework_0518", "Homework_0518\Homework_0518.vcxproj", "{9B228D8E-B441-483F-85BD-80A29D10C3C7}"
EndProject
Project("{8BC9CEB8-8B4A-11D0-8D11-00A0C91BC942}") = "Homework_0519", "Homework_0519\Homework_0519.vcxproj", "{680213AD-AD3E-4ACE-A834-81EA888562CE}"
EndProject
Project("{8BC9CEB8-8B4A-11D0-8D11-00A0C91BC942}") = "TestProject", "TestProject\TestProject.vcxproj", "{5FA1FF8A-D5BB-4E28-B27A-ED18A69A3AEB}"
EndProject
Project("{8BC9CEB8-8B4A-11D0-8D11-00A0C91BC942}") = "Homework_0522", "Homework_0522\Homework_0522.vcxproj", "{F2A514F0-B57D-49A5-A833-CC9B230C6883}"
EndProject
Project("{8BC9CEB8-8B4A-11D0-8D11-00A0C91BC942}") = "Homework_0523", "Homework_0523\Homework_0523.vcxproj", "{2C9C5DEF-6214-4947-8C6A-AFE7D0F26F5E}"
EndProject
Project("{8BC9CEB8-8B4A-11D0-8D11-00A0C91BC942}") = "Homework_0524", "Homework_0524\Homework_0524.vcxproj", "{77AE9501-FE4C-495A-8891-9825BF9D8726}"
EndProject
Project("{8BC9CEB8-8B4A-11D0-8D11-00A0C91BC942}") = "Homework_0525", "Homework_0525\Homework_0525.vcxproj", "{05F4C7D8-5211-4F1A-BDC2-A732ACE8E47A}"
EndProject
Project("{8BC9CEB8-8B4A-11D0-8D11-00A0C91BC942}") = "Homework_0526", "Homework_0526\Homework_0526.vcxproj", "{FFCFF7ED-5C2F-404D-B7B8-E3C56B4C1C6E}"
EndProject
Global
	GlobalSection(SolutionConfigurationPlatforms) = preSolution
		Debug|x64 = Debug|x64
		Debug|x86 = Debug|x86
		Release|x64 = Release|x64
		Release|x86 = Release|x86
	EndGlobalSection
	GlobalSection(ProjectConfigurationPlatforms) = postSolution
		{9B228D8E-B441-483F-85BD-80A29D10C3C7}.Debug|x64.ActiveCfg = Debug|x64
		{9B228D8E-B441-483F-85BD-80A29D10C3C7}.Debug|x64.Build.0 = Debug|x64
		{9B228D8E-B441-483F-85BD-80A29D10C3C7}.Debug|x86.ActiveCfg = Debug|Win32
		{9B228D8E-B441-483F-85BD-80A29D10C3C7}.Debug|x86.Build.0 = Debug|Win32
		{9B228D8E-B441-483F-85BD-80A29D10C3C7}.Release|x64.ActiveCfg = Release|x64
		{9B228D8E-B441-483F-85BD-80A29D10C3C7}.Release|x64.Build.0 = Release|x64
		{9B228D8E-B441-483F-85BD-80A29D10C3C7}.Release|x86.ActiveCfg = Release|Win32
		{9B228D8E-B441-483F-85BD-80A29D10C3C7}.Release|x86.Build.0 = Release|Win32
		{680213AD-AD3E-4ACE-A834-81EA888562CE}.Debug|x64.ActiveCfg = Debug|x64
		{680213AD-AD3E-4ACE-A834-81EA888562CE}.Debug|x64.Build.0 = Debug|x64
		{680213AD-AD3E-4ACE-A834-81EA888562CE}.Debug|x86.ActiveCfg = Debug|Win32
		{680213AD-AD3E-4ACE-A834-81EA888562CE}.Debug|x86.Build.0 = Debug|Win32
		{680213AD-AD3E-4ACE-A834-81EA888562CE}.Release|x64.ActiveCfg = Release|x64
		{680213AD-AD3E-4ACE-A834-81EA888562CE}.Release|x64.Build.0 = Release|x64
		{680213AD-AD3E-4ACE-A834-81EA888562CE}.Release|x86.ActiveCfg = Release|Win32
		{680213AD-AD3E-4ACE-A834-81EA888562CE}.Release|x86.Build.0 = Release|Win32
		{5FA1FF8A-D5BB-4E28-B27A-ED18A69A3AEB}.Debug|x64.ActiveCfg = Debug|x64
		{5FA1FF8A-D5BB-4E28-B27A-ED18A69A3AEB}.Debug|x64.Build.0 = Debug|x64
		{5FA1FF8A-D5BB-4E28-B27A-ED18A69A3AEB}.Debug|x86.ActiveCfg = Debug|Win32
		{5FA1FF8A-D5BB-4E28-B27A-ED18A69A3AEB}.Debug|x86.Build.0 = Debug|Win32
		{5FA1FF8A-D5BB-4E28-B27A-ED18A69A3AEB}.Release|x64.ActiveCfg = Release|x64
		{5FA1FF8A-D5BB-4E28-B27A-ED18A69A3AEB}.Release|x64.Build.0 = Release|x64
		{5FA1FF8A-D5BB-4E28-B27A-ED18A69A3AEB}.Release|x86.ActiveCfg = Release|Win32
		{5FA1FF8A-D5BB-4E28-B27A-ED18A69A3AEB}.Release|x86.Build.0 = Release|Win32
		{F2A514F0-B57D-49A5-A833-CC9B230C6883}.Debug|x64.ActiveCfg = Debug|x64
		{F2A514F0-B57D-49A5-A833-CC9B230C6883}.Debug|x64.Build.0 = Debug|x64
		{F2A514F0-B57D-49A5-A833-CC9B230C6883}.Debug|x86.ActiveCfg = Debug|Win32
		{F2A514F0-B57D-49A5-A833-CC9B230C6883}.Debug|x86.Build.0 = Debug|Win32
		{F2A514F0-B57D-49A5-A833-CC9B230C6883}.Release|x64.ActiveCfg = Release|x64
		{F2A514F0-B57D-49A5-A833-CC9B230C6883}.Release|x64.Build.0 = Release|x64
		{F2A514F0-B57D-49A5-A833-CC9B230C6883}.Release|x86.ActiveCfg = Release|Win32
		{F2A514F0-B57D-49A5-A833-CC9B230C6883}.Release|x86.Build.0 = Release|Win32
		{2C9C5DEF-6214-4947-8C6A-AFE7D0F26F5E}.Debug|x64.ActiveCfg = Debug|x64
		{2C9C5DEF-6214-4947-8C6A-AFE7D0F26F5E}.Debug|x64.Build.0 = Debug|x64
		{2C9C5DEF-6214-4947-8C6A-AFE7D0F26F5E}.Debug|x86.ActiveCfg = Debug|Win32
		{2C9C5DEF-6214-4947-8C6A-AFE7D0F26F5E}.Debug|x86.Build.0 = Debug|Win32
		{2C9C5DEF-6214-4947-8C6A-AFE7D0F26F5E}.Release|x64.ActiveCfg = Release|x64
		{2C9C5DEF-6214-4947-8C6A-AFE7D0F26F5E}.Release|x64.Build.0 = Release|x64
		{2C9C5DEF-6214-4947-8C6A-AFE7D0F26F5E}.Release|x86.ActiveCfg = Release|Win32
		{2C9C5DEF-6214-4947-8C6A-AFE7D0F26F5E}.Release|x86.Build.0 = Release|Win32
		{77AE9501-FE4C-495A-8891-9825BF9D8726}.Debug|x64.ActiveCfg = Debug|x64
		{77AE9501-FE4C-495A-8891-9825BF9D8726}.Debug|x64.Build.0 = Debug|x64
		{77AE9501-FE4C-495A-8891-9825BF9D8726}.Debug|x86.ActiveCfg = Debug|Win32
		{77AE9501-FE4C-495A-8891-9825BF9D8726}.Debug|x86.Build.0 = Debug|Win32
		{77AE9501-FE4C-495A-8891-9825BF9D8726}.Release|x64.ActiveCfg = Release|x64
		{77AE9501-FE4C-495A-8891-9825BF9D8726}.Release|x64.Build.0 = Release|x64
		{77AE9501-FE4C-495A-8891-9825BF9D8726}.Release|x86.ActiveCfg = Release|Win32
		{77AE9501-FE4C-495A-8891-9825BF9D8726}.Release|x86.Build.0 = Release|Win32
		{05F4C7D8-5211-4F1A-BDC2-A732ACE8E47A}.Debug|x64.ActiveCfg = Debug|x64
		{05F4C7D8-5211-4F1A-BDC2-A732ACE8E47A}.Debug|x64.Build.0 = Debug|x64
		{05F4C7D8-5211-4F1A-BDC2-A732ACE8E47A}.Debug|x86.ActiveCfg = Debug|Win32
		{05F4C7D8-5211-4F1A-BDC2-A732ACE8E47A}.Debug|x86.Build.0 = Debug|Win32
		{05F4C7D8-5211-4F1A-BDC2-A732ACE8E47A}.Release|x64.ActiveCfg = Release|x64
		{05F4C7D8-5211-4F1A-BDC2-A732ACE8E47A}.Release|x64.Build.0 = Release|x64
		{05F4C7D8-5211-4F1A-BDC2-A732ACE8E47A}.Release|x86.ActiveCfg = Release|Win32
		{05F4C7D8-5211-4F1A-BDC2-A732ACE8E47A}.Release|x86.Build.0 = Release|Win32
		{FFCFF7ED-5C2F-404D-B7B8-E3C56B4C1C6E}.Debug|x64.ActiveCfg = Debug|x64
		{FFCFF7ED-5C2F-404D-B7B8-E3C56B4C1C6E}.Debug|x64.Build.0 = Debug|x64
		{FFCFF7ED-5C2F-404D-B7B8-E3C56B4C1C6E}.Debug|x86.ActiveCfg = Debug|Win32
		{FFCFF7ED-5C2F-404D-B7B8-E3C56B4C1C6E}.Debug|x86.Build.0 = Debug|Win32
		{FFCFF7ED-5C2F-404D-B7B8-E3C56B4C1C6E}.Release|x64.ActiveCfg = Release|x64
		{FFCFF7ED-5C2F-404D-B7B8-E3C56B4C1C6E}.Release|x64.Build.0 = Release|x64
		{FFCFF7ED-5C2F-404D-B7B8-E3C56B4C1C6E}.Release|x86.ActiveCfg = Release|Win32
		{FFCFF7ED-5C2F-404D-B7B8-E3C56B4C1C6E}.Release|x86.Build.0 = Release|Win32
	EndGlobalSection
	GlobalSection(SolutionProperties) = preSolution
		HideSolutionNode = FALSE
	EndGlobalSection
	GlobalSection(ExtensibilityGlobals) = postSolution
		SolutionGuid = {7082BA39-296B-4782-BFF1-18E54E0A9B20}
	EndGlobalSection
EndGlobal
